{
  "name": "astrid-workspace",
  "lockfileVersion": 3,
  "requires": true,
  "packages": {
    "": {
      "name": "astrid-workspace",
      "dependencies": {
        "@banodoco/timeline-ops": "file:/Users/peteromalley/Documents/banodoco-workspace/packages/timeline-ops",
        "@banodoco/timeline-schema": "file:/Users/peteromalley/Documents/banodoco-workspace/packages/timeline-schema"
      }
    },
    "../../banodoco-workspace/packages/timeline-ops": {
      "name": "@banodoco/timeline-ops",
      "version": "0.0.1",
      "dependencies": {
        "@banodoco/timeline-schema": "file:../timeline-schema"
      },
      "devDependencies": {
        "@types/node": "^20.14.0",
        "typescript": "^5.5.4"
      }
    },
    "../../banodoco-workspace/packages/timeline-schema": {
      "name": "@banodoco/timeline-schema",
      "version": "0.0.2",
      "dependencies": {
        "zod": "^3.23.8",
        "zod-to-json-schema": "^3.23.5"
      },
      "devDependencies": {
        "@types/node": "^20.14.0",
        "typescript": "^5.5.4"
      }
    },
    "node_modules/@banodoco/timeline-ops": {
      "resolved": "../../banodoco-workspace/packages/timeline-ops",
      "link": true
    },
    "node_modules/@banodoco/timeline-schema": {
      "resolved": "../../banodoco-workspace/packages/timeline-schema",
      "link": true
    }
  }
}
